
Microsoft Visual Studio Solution File, Format Version 12.00
# Visual Studio Version 17
VisualStudioVersion = 17.5.33627.172
MinimumVisualStudioVersion = 10.0.40219.1
Project("{8BC9CEB8-8B4A-11D0-8D11-00A0C91BC942}") = "tests", "tests\tests.vcxproj", "{F40A4B12-6BE5-4F99-895E-4A0BC744A984}"
	ProjectSection(ProjectDependencies) = postProject
		{05166C8B-D447-49D9-A4E0-1F5C4E480268} = {05166C8B-D447-49D9-A4E0-1F5C4E480268}
		{1701A4B0-345E-4A44-93FA-60FE612D67F5} = {1701A4B0-345E-4A44-93FA-60FE612D67F5}
		{3FE92D13-D30D-4DB4-9E03-233C64C03B6E} = {3FE92D13-D30D-4DB4-9E03-233C64C03B6E}
		{404FA3D1-7771-4FE4-A5E1-8C4F06DF1045} = {404FA3D1-7771-4FE4-A5E1-8C4F06DF1045}
		{732C2D3C-C5BA-4C23-B34A-85FB0E9E7A23} = {732C2D3C-C5BA-4C23-B34A-85FB0E9E7A23}
		{841DA48C-DFE5-44E6-AC5E-4564250B2AE4} = {841DA48C-DFE5-44E6-AC5E-4564250B2AE4}
		{B8434ACB-AB84-46ED-AD77-CAF189594234} = {B8434ACB-AB84-46ED-AD77-CAF189594234}
		{C5FC94D9-C13F-4826-BDC7-782B3AC62306} = {C5FC94D9-C13F-4826-BDC7-782B3AC62306}
		{D224FF85-11EE-4287-B002-4FF37F618756} = {D224FF85-11EE-4287-B002-4FF37F618756}
		{DE750D30-975E-439C-AB56-D77CE7872065} = {DE750D30-975E-439C-AB56-D77CE7872065}
	EndProjectSection
EndProject
Project("{8BC9CEB8-8B4A-11D0-8D11-00A0C91BC942}") = "lgraph_import", "importer\importer.vcxproj", "{1701A4B0-345E-4A44-93FA-60FE612D67F5}"
	ProjectSection(ProjectDependencies) = postProject
		{3FE92D13-D30D-4DB4-9E03-233C64C03B6E} = {3FE92D13-D30D-4DB4-9E03-233C64C03B6E}
		{841DA48C-DFE5-44E6-AC5E-4564250B2AE4} = {841DA48C-DFE5-44E6-AC5E-4564250B2AE4}
	EndProjectSection
EndProject
Project("{8BC9CEB8-8B4A-11D0-8D11-00A0C91BC942}") = "lgraph_core", "lgraph_core\lgraph_core.vcxproj", "{3FE92D13-D30D-4DB4-9E03-233C64C03B6E}"
EndProject
Project("{8BC9CEB8-8B4A-11D0-8D11-00A0C91BC942}") = "python_api", "python_api\python_api.vcxproj", "{05166C8B-D447-49D9-A4E0-1F5C4E480268}"
	ProjectSection(ProjectDependencies) = postProject
		{841DA48C-DFE5-44E6-AC5E-4564250B2AE4} = {841DA48C-DFE5-44E6-AC5E-4564250B2AE4}
	EndProjectSection
EndProject
Project("{8BC9CEB8-8B4A-11D0-8D11-00A0C91BC942}") = "lgraph_peek", "lgraph_peek\lgraph_peek.vcxproj", "{C5FC94D9-C13F-4826-BDC7-782B3AC62306}"
	ProjectSection(ProjectDependencies) = postProject
		{3FE92D13-D30D-4DB4-9E03-233C64C03B6E} = {3FE92D13-D30D-4DB4-9E03-233C64C03B6E}
		{841DA48C-DFE5-44E6-AC5E-4564250B2AE4} = {841DA48C-DFE5-44E6-AC5E-4564250B2AE4}
	EndProjectSection
EndProject
Project("{8BC9CEB8-8B4A-11D0-8D11-00A0C91BC942}") = "lgraph_backup", "lgraph_backup\lgraph_backup.vcxproj", "{D224FF85-11EE-4287-B002-4FF37F618756}"
	ProjectSection(ProjectDependencies) = postProject
		{3FE92D13-D30D-4DB4-9E03-233C64C03B6E} = {3FE92D13-D30D-4DB4-9E03-233C64C03B6E}
		{841DA48C-DFE5-44E6-AC5E-4564250B2AE4} = {841DA48C-DFE5-44E6-AC5E-4564250B2AE4}
	EndProjectSection
EndProject
Project("{8BC9CEB8-8B4A-11D0-8D11-00A0C91BC942}") = "lgraph_warmup", "lgraph_warmup\lgraph_warmup.vcxproj", "{B8434ACB-AB84-46ED-AD77-CAF189594234}"
	ProjectSection(ProjectDependencies) = postProject
		{3FE92D13-D30D-4DB4-9E03-233C64C03B6E} = {3FE92D13-D30D-4DB4-9E03-233C64C03B6E}
		{841DA48C-DFE5-44E6-AC5E-4564250B2AE4} = {841DA48C-DFE5-44E6-AC5E-4564250B2AE4}
	EndProjectSection
EndProject
Project("{8BC9CEB8-8B4A-11D0-8D11-00A0C91BC942}") = "server", "server\server.vcxproj", "{404FA3D1-7771-4FE4-A5E1-8C4F06DF1045}"
	ProjectSection(ProjectDependencies) = postProject
		{05166C8B-D447-49D9-A4E0-1F5C4E480268} = {05166C8B-D447-49D9-A4E0-1F5C4E480268}
		{3FE92D13-D30D-4DB4-9E03-233C64C03B6E} = {3FE92D13-D30D-4DB4-9E03-233C64C03B6E}
		{841DA48C-DFE5-44E6-AC5E-4564250B2AE4} = {841DA48C-DFE5-44E6-AC5E-4564250B2AE4}
	EndProjectSection
EndProject
Project("{8BC9CEB8-8B4A-11D0-8D11-00A0C91BC942}") = "liblgraph", "liblgraph\liblgraph.vcxproj", "{841DA48C-DFE5-44E6-AC5E-4564250B2AE4}"
	ProjectSection(ProjectDependencies) = postProject
		{3FE92D13-D30D-4DB4-9E03-233C64C03B6E} = {3FE92D13-D30D-4DB4-9E03-233C64C03B6E}
	EndProjectSection
EndProject
Project("{8BC9CEB8-8B4A-11D0-8D11-00A0C91BC942}") = "simple_tests", "simple_tests\simple_tests.vcxproj", "{32C8FF52-29E6-4941-8562-336B819EB2BA}"
	ProjectSection(ProjectDependencies) = postProject
		{3FE92D13-D30D-4DB4-9E03-233C64C03B6E} = {3FE92D13-D30D-4DB4-9E03-233C64C03B6E}
		{841DA48C-DFE5-44E6-AC5E-4564250B2AE4} = {841DA48C-DFE5-44E6-AC5E-4564250B2AE4}
	EndProjectSection
EndProject
Project("{888888A0-9F3D-457C-B088-3A5042F75D52}") = "lgraph_cypher", "lgraph_cypher\lgraph_cypher.pyproj", "{ABDF938D-B82A-40CB-98B6-4975522EE931}"
EndProject
Project("{8BC9CEB8-8B4A-11D0-8D11-00A0C91BC942}") = "lgraph_export", "lgraph_export\lgraph_export.vcxproj", "{732C2D3C-C5BA-4C23-B34A-85FB0E9E7A23}"
	ProjectSection(ProjectDependencies) = postProject
		{3FE92D13-D30D-4DB4-9E03-233C64C03B6E} = {3FE92D13-D30D-4DB4-9E03-233C64C03B6E}
		{841DA48C-DFE5-44E6-AC5E-4564250B2AE4} = {841DA48C-DFE5-44E6-AC5E-4564250B2AE4}
	EndProjectSection
EndProject
Project("{8BC9CEB8-8B4A-11D0-8D11-00A0C91BC942}") = "lgraph_validate", "lgraph_validate\lgraph_validate.vcxproj", "{DE750D30-975E-439C-AB56-D77CE7872065}"
	ProjectSection(ProjectDependencies) = postProject
		{3FE92D13-D30D-4DB4-9E03-233C64C03B6E} = {3FE92D13-D30D-4DB4-9E03-233C64C03B6E}
		{404FA3D1-7771-4FE4-A5E1-8C4F06DF1045} = {404FA3D1-7771-4FE4-A5E1-8C4F06DF1045}
		{841DA48C-DFE5-44E6-AC5E-4564250B2AE4} = {841DA48C-DFE5-44E6-AC5E-4564250B2AE4}
	EndProjectSection
EndProject
Project("{888888A0-9F3D-457C-B088-3A5042F75D52}") = "TuGraphClient", "..\src\client\python\TuGraphClient\TuGraphClient.pyproj", "{75CF3C44-2AA3-4D0E-9E95-60B821FFDC47}"
EndProject
Global
	GlobalSection(SolutionConfigurationPlatforms) = preSolution
		Debug|Any CPU = Debug|Any CPU
		Debug|x64 = Debug|x64
		Debug|x86 = Debug|x86
		Release|Any CPU = Release|Any CPU
		Release|x64 = Release|x64
		Release|x86 = Release|x86
	EndGlobalSection
	GlobalSection(ProjectConfigurationPlatforms) = postSolution
		{F40A4B12-6BE5-4F99-895E-4A0BC744A984}.Debug|Any CPU.ActiveCfg = Debug|Win32
		{F40A4B12-6BE5-4F99-895E-4A0BC744A984}.Debug|x64.ActiveCfg = Debug|x64
		{F40A4B12-6BE5-4F99-895E-4A0BC744A984}.Debug|x64.Build.0 = Debug|x64
		{F40A4B12-6BE5-4F99-895E-4A0BC744A984}.Debug|x86.ActiveCfg = Debug|Win32
		{F40A4B12-6BE5-4F99-895E-4A0BC744A984}.Debug|x86.Build.0 = Debug|Win32
		{F40A4B12-6BE5-4F99-895E-4A0BC744A984}.Release|Any CPU.ActiveCfg = Release|Win32
		{F40A4B12-6BE5-4F99-895E-4A0BC744A984}.Release|x64.ActiveCfg = Release|x64
		{F40A4B12-6BE5-4F99-895E-4A0BC744A984}.Release|x64.Build.0 = Release|x64
		{F40A4B12-6BE5-4F99-895E-4A0BC744A984}.Release|x86.ActiveCfg = Release|Win32
		{F40A4B12-6BE5-4F99-895E-4A0BC744A984}.Release|x86.Build.0 = Release|Win32
		{1701A4B0-345E-4A44-93FA-60FE612D67F5}.Debug|Any CPU.ActiveCfg = Debug|Win32
		{1701A4B0-345E-4A44-93FA-60FE612D67F5}.Debug|x64.ActiveCfg = Debug|x64
		{1701A4B0-345E-4A44-93FA-60FE612D67F5}.Debug|x64.Build.0 = Debug|x64
		{1701A4B0-345E-4A44-93FA-60FE612D67F5}.Debug|x86.ActiveCfg = Debug|Win32
		{1701A4B0-345E-4A44-93FA-60FE612D67F5}.Debug|x86.Build.0 = Debug|Win32
		{1701A4B0-345E-4A44-93FA-60FE612D67F5}.Release|Any CPU.ActiveCfg = Release|Win32
		{1701A4B0-345E-4A44-93FA-60FE612D67F5}.Release|x64.ActiveCfg = Release|x64
		{1701A4B0-345E-4A44-93FA-60FE612D67F5}.Release|x64.Build.0 = Release|x64
		{1701A4B0-345E-4A44-93FA-60FE612D67F5}.Release|x86.ActiveCfg = Release|Win32
		{1701A4B0-345E-4A44-93FA-60FE612D67F5}.Release|x86.Build.0 = Release|Win32
		{3FE92D13-D30D-4DB4-9E03-233C64C03B6E}.Debug|Any CPU.ActiveCfg = Debug|Win32
		{3FE92D13-D30D-4DB4-9E03-233C64C03B6E}.Debug|x64.ActiveCfg = Debug|x64
		{3FE92D13-D30D-4DB4-9E03-233C64C03B6E}.Debug|x64.Build.0 = Debug|x64
		{3FE92D13-D30D-4DB4-9E03-233C64C03B6E}.Debug|x86.ActiveCfg = Debug|Win32
		{3FE92D13-D30D-4DB4-9E03-233C64C03B6E}.Debug|x86.Build.0 = Debug|Win32
		{3FE92D13-D30D-4DB4-9E03-233C64C03B6E}.Release|Any CPU.ActiveCfg = Release|Win32
		{3FE92D13-D30D-4DB4-9E03-233C64C03B6E}.Release|x64.ActiveCfg = Release|x64
		{3FE92D13-D30D-4DB4-9E03-233C64C03B6E}.Release|x64.Build.0 = Release|x64
		{3FE92D13-D30D-4DB4-9E03-233C64C03B6E}.Release|x86.ActiveCfg = Release|Win32
		{3FE92D13-D30D-4DB4-9E03-233C64C03B6E}.Release|x86.Build.0 = Release|Win32
		{05166C8B-D447-49D9-A4E0-1F5C4E480268}.Debug|Any CPU.ActiveCfg = Debug|Win32
		{05166C8B-D447-49D9-A4E0-1F5C4E480268}.Debug|x64.ActiveCfg = Debug|x64
		{05166C8B-D447-49D9-A4E0-1F5C4E480268}.Debug|x64.Build.0 = Debug|x64
		{05166C8B-D447-49D9-A4E0-1F5C4E480268}.Debug|x86.ActiveCfg = Debug|Win32
		{05166C8B-D447-49D9-A4E0-1F5C4E480268}.Debug|x86.Build.0 = Debug|Win32
		{05166C8B-D447-49D9-A4E0-1F5C4E480268}.Release|Any CPU.ActiveCfg = Release|Win32
		{05166C8B-D447-49D9-A4E0-1F5C4E480268}.Release|x64.ActiveCfg = Release|x64
		{05166C8B-D447-49D9-A4E0-1F5C4E480268}.Release|x64.Build.0 = Release|x64
		{05166C8B-D447-49D9-A4E0-1F5C4E480268}.Release|x86.ActiveCfg = Release|Win32
		{05166C8B-D447-49D9-A4E0-1F5C4E480268}.Release|x86.Build.0 = Release|Win32
		{C5FC94D9-C13F-4826-BDC7-782B3AC62306}.Debug|Any CPU.ActiveCfg = Debug|Win32
		{C5FC94D9-C13F-4826-BDC7-782B3AC62306}.Debug|x64.ActiveCfg = Debug|x64
		{C5FC94D9-C13F-4826-BDC7-782B3AC62306}.Debug|x64.Build.0 = Debug|x64
		{C5FC94D9-C13F-4826-BDC7-782B3AC62306}.Debug|x86.ActiveCfg = Debug|Win32
		{C5FC94D9-C13F-4826-BDC7-782B3AC62306}.Debug|x86.Build.0 = Debug|Win32
		{C5FC94D9-C13F-4826-BDC7-782B3AC62306}.Release|Any CPU.ActiveCfg = Release|Win32
		{C5FC94D9-C13F-4826-BDC7-782B3AC62306}.Release|x64.ActiveCfg = Release|x64
		{C5FC94D9-C13F-4826-BDC7-782B3AC62306}.Release|x64.Build.0 = Release|x64
		{C5FC94D9-C13F-4826-BDC7-782B3AC62306}.Release|x86.ActiveCfg = Release|Win32
		{C5FC94D9-C13F-4826-BDC7-782B3AC62306}.Release|x86.Build.0 = Release|Win32
		{D224FF85-11EE-4287-B002-4FF37F618756}.Debug|Any CPU.ActiveCfg = Debug|Win32
		{D224FF85-11EE-4287-B002-4FF37F618756}.Debug|x64.ActiveCfg = Debug|x64
		{D224FF85-11EE-4287-B002-4FF37F618756}.Debug|x64.Build.0 = Debug|x64
		{D224FF85-11EE-4287-B002-4FF37F618756}.Debug|x86.ActiveCfg = Debug|Win32
		{D224FF85-11EE-4287-B002-4FF37F618756}.Debug|x86.Build.0 = Debug|Win32
		{D224FF85-11EE-4287-B002-4FF37F618756}.Release|Any CPU.ActiveCfg = Release|Win32
		{D224FF85-11EE-4287-B002-4FF37F618756}.Release|x64.ActiveCfg = Release|x64
		{D224FF85-11EE-4287-B002-4FF37F618756}.Release|x64.Build.0 = Release|x64
		{D224FF85-11EE-4287-B002-4FF37F618756}.Release|x86.ActiveCfg = Release|Win32
		{D224FF85-11EE-4287-B002-4FF37F618756}.Release|x86.Build.0 = Release|Win32
		{B8434ACB-AB84-46ED-AD77-CAF189594234}.Debug|Any CPU.ActiveCfg = Debug|Win32
		{B8434ACB-AB84-46ED-AD77-CAF189594234}.Debug|x64.ActiveCfg = Debug|x64
		{B8434ACB-AB84-46ED-AD77-CAF189594234}.Debug|x64.Build.0 = Debug|x64
		{B8434ACB-AB84-46ED-AD77-CAF189594234}.Debug|x86.ActiveCfg = Debug|Win32
		{B8434ACB-AB84-46ED-AD77-CAF189594234}.Debug|x86.Build.0 = Debug|Win32
		{B8434ACB-AB84-46ED-AD77-CAF189594234}.Release|Any CPU.ActiveCfg = Release|Win32
		{B8434ACB-AB84-46ED-AD77-CAF189594234}.Release|x64.ActiveCfg = Release|x64
		{B8434ACB-AB84-46ED-AD77-CAF189594234}.Release|x64.Build.0 = Release|x64
		{B8434ACB-AB84-46ED-AD77-CAF189594234}.Release|x86.ActiveCfg = Release|Win32
		{B8434ACB-AB84-46ED-AD77-CAF189594234}.Release|x86.Build.0 = Release|Win32
		{404FA3D1-7771-4FE4-A5E1-8C4F06DF1045}.Debug|Any CPU.ActiveCfg = Debug|Win32
		{404FA3D1-7771-4FE4-A5E1-8C4F06DF1045}.Debug|x64.ActiveCfg = Debug|x64
		{404FA3D1-7771-4FE4-A5E1-8C4F06DF1045}.Debug|x64.Build.0 = Debug|x64
		{404FA3D1-7771-4FE4-A5E1-8C4F06DF1045}.Debug|x86.ActiveCfg = Debug|Win32
		{404FA3D1-7771-4FE4-A5E1-8C4F06DF1045}.Debug|x86.Build.0 = Debug|Win32
		{404FA3D1-7771-4FE4-A5E1-8C4F06DF1045}.Release|Any CPU.ActiveCfg = Release|Win32
		{404FA3D1-7771-4FE4-A5E1-8C4F06DF1045}.Release|x64.ActiveCfg = Release|x64
		{404FA3D1-7771-4FE4-A5E1-8C4F06DF1045}.Release|x64.Build.0 = Release|x64
		{404FA3D1-7771-4FE4-A5E1-8C4F06DF1045}.Release|x86.ActiveCfg = Release|Win32
		{404FA3D1-7771-4FE4-A5E1-8C4F06DF1045}.Release|x86.Build.0 = Release|Win32
		{841DA48C-DFE5-44E6-AC5E-4564250B2AE4}.Debug|Any CPU.ActiveCfg = Debug|Win32
		{841DA48C-DFE5-44E6-AC5E-4564250B2AE4}.Debug|x64.ActiveCfg = Debug|x64
		{841DA48C-DFE5-44E6-AC5E-4564250B2AE4}.Debug|x64.Build.0 = Debug|x64
		{841DA48C-DFE5-44E6-AC5E-4564250B2AE4}.Debug|x86.ActiveCfg = Debug|Win32
		{841DA48C-DFE5-44E6-AC5E-4564250B2AE4}.Debug|x86.Build.0 = Debug|Win32
		{841DA48C-DFE5-44E6-AC5E-4564250B2AE4}.Release|Any CPU.ActiveCfg = Release|Win32
		{841DA48C-DFE5-44E6-AC5E-4564250B2AE4}.Release|x64.ActiveCfg = Release|x64
		{841DA48C-DFE5-44E6-AC5E-4564250B2AE4}.Release|x64.Build.0 = Release|x64
		{841DA48C-DFE5-44E6-AC5E-4564250B2AE4}.Release|x86.ActiveCfg = Release|Win32
		{841DA48C-DFE5-44E6-AC5E-4564250B2AE4}.Release|x86.Build.0 = Release|Win32
		{32C8FF52-29E6-4941-8562-336B819EB2BA}.Debug|Any CPU.ActiveCfg = Debug|Win32
		{32C8FF52-29E6-4941-8562-336B819EB2BA}.Debug|x64.ActiveCfg = Debug|x64
		{32C8FF52-29E6-4941-8562-336B819EB2BA}.Debug|x64.Build.0 = Debug|x64
		{32C8FF52-29E6-4941-8562-336B819EB2BA}.Debug|x86.ActiveCfg = Debug|Win32
		{32C8FF52-29E6-4941-8562-336B819EB2BA}.Debug|x86.Build.0 = Debug|Win32
		{32C8FF52-29E6-4941-8562-336B819EB2BA}.Release|Any CPU.ActiveCfg = Release|Win32
		{32C8FF52-29E6-4941-8562-336B819EB2BA}.Release|x64.ActiveCfg = Release|x64
		{32C8FF52-29E6-4941-8562-336B819EB2BA}.Release|x64.Build.0 = Release|x64
		{32C8FF52-29E6-4941-8562-336B819EB2BA}.Release|x86.ActiveCfg = Release|Win32
		{32C8FF52-29E6-4941-8562-336B819EB2BA}.Release|x86.Build.0 = Release|Win32
		{ABDF938D-B82A-40CB-98B6-4975522EE931}.Debug|Any CPU.ActiveCfg = Debug|Any CPU
		{ABDF938D-B82A-40CB-98B6-4975522EE931}.Debug|x64.ActiveCfg = Debug|Any CPU
		{ABDF938D-B82A-40CB-98B6-4975522EE931}.Debug|x86.ActiveCfg = Debug|Any CPU
		{ABDF938D-B82A-40CB-98B6-4975522EE931}.Release|Any CPU.ActiveCfg = Release|Any CPU
		{ABDF938D-B82A-40CB-98B6-4975522EE931}.Release|x64.ActiveCfg = Release|Any CPU
		{ABDF938D-B82A-40CB-98B6-4975522EE931}.Release|x86.ActiveCfg = Release|Any CPU
		{732C2D3C-C5BA-4C23-B34A-85FB0E9E7A23}.Debug|Any CPU.ActiveCfg = Debug|Win32
		{732C2D3C-C5BA-4C23-B34A-85FB0E9E7A23}.Debug|x64.ActiveCfg = Debug|x64
		{732C2D3C-C5BA-4C23-B34A-85FB0E9E7A23}.Debug|x64.Build.0 = Debug|x64
		{732C2D3C-C5BA-4C23-B34A-85FB0E9E7A23}.Debug|x86.ActiveCfg = Debug|Win32
		{732C2D3C-C5BA-4C23-B34A-85FB0E9E7A23}.Debug|x86.Build.0 = Debug|Win32
		{732C2D3C-C5BA-4C23-B34A-85FB0E9E7A23}.Release|Any CPU.ActiveCfg = Release|Win32
		{732C2D3C-C5BA-4C23-B34A-85FB0E9E7A23}.Release|x64.ActiveCfg = Release|x64
		{732C2D3C-C5BA-4C23-B34A-85FB0E9E7A23}.Release|x64.Build.0 = Release|x64
		{732C2D3C-C5BA-4C23-B34A-85FB0E9E7A23}.Release|x86.ActiveCfg = Release|Win32
		{732C2D3C-C5BA-4C23-B34A-85FB0E9E7A23}.Release|x86.Build.0 = Release|Win32
		{DE750D30-975E-439C-AB56-D77CE7872065}.Debug|Any CPU.ActiveCfg = Debug|Win32
		{DE750D30-975E-439C-AB56-D77CE7872065}.Debug|x64.ActiveCfg = Debug|x64
		{DE750D30-975E-439C-AB56-D77CE7872065}.Debug|x64.Build.0 = Debug|x64
		{DE750D30-975E-439C-AB56-D77CE7872065}.Debug|x86.ActiveCfg = Debug|Win32
		{DE750D30-975E-439C-AB56-D77CE7872065}.Debug|x86.Build.0 = Debug|Win32
		{DE750D30-975E-439C-AB56-D77CE7872065}.Release|Any CPU.ActiveCfg = Release|Win32
		{DE750D30-975E-439C-AB56-D77CE7872065}.Release|x64.ActiveCfg = Release|x64
		{DE750D30-975E-439C-AB56-D77CE7872065}.Release|x64.Build.0 = Release|x64
		{DE750D30-975E-439C-AB56-D77CE7872065}.Release|x86.ActiveCfg = Release|Win32
		{DE750D30-975E-439C-AB56-D77CE7872065}.Release|x86.Build.0 = Release|Win32
		{75CF3C44-2AA3-4D0E-9E95-60B821FFDC47}.Debug|Any CPU.ActiveCfg = Debug|Any CPU
		{75CF3C44-2AA3-4D0E-9E95-60B821FFDC47}.Debug|x64.ActiveCfg = Debug|Any CPU
		{75CF3C44-2AA3-4D0E-9E95-60B821FFDC47}.Debug|x86.ActiveCfg = Debug|Any CPU
		{75CF3C44-2AA3-4D0E-9E95-60B821FFDC47}.Release|Any CPU.ActiveCfg = Release|Any CPU
		{75CF3C44-2AA3-4D0E-9E95-60B821FFDC47}.Release|x64.ActiveCfg = Release|Any CPU
		{75CF3C44-2AA3-4D0E-9E95-60B821FFDC47}.Release|x86.ActiveCfg = Release|Any CPU
	EndGlobalSection
	GlobalSection(SolutionProperties) = preSolution
		HideSolutionNode = FALSE
	EndGlobalSection
	GlobalSection(ExtensibilityGlobals) = postSolution
		SolutionGuid = {A5A6B08A-DC0E-4114-B3ED-39E055E41FDE}
	EndGlobalSection
EndGlobal
